
Microsoft Visual Studio Solution File, Format Version 12.00
# Visual Studio 15
VisualStudioVersion = 15.0.34031.82
MinimumVisualStudioVersion = 10.0.40219.1
Project("{FAE04EC0-301F-11D3-BF4B-00C04F79EFBC}") = "ExploreCalifornia", "ExploreCalifornia\ExploreCalifornia.csproj", "{B71974E8-9214-4537-A705-CBF43E8C107E}"
EndProject
Global
	GlobalSection(SolutionConfigurationPlatforms) = preSolution
		Debug|Any CPU = Debug|Any CPU
		Release|Any CPU = Release|Any CPU
	EndGlobalSection
	GlobalSection(ProjectConfigurationPlatforms) = postSolution
		{B71974E8-9214-4537-A705-CBF43E8C107E}.Debug|Any CPU.ActiveCfg = Debug|Any CPU
		{B71974E8-9214-4537-A705-CBF43E8C107E}.Debug|Any CPU.Build.0 = Debug|Any CPU
		{B71974E8-9214-4537-A705-CBF43E8C107E}.Release|Any CPU.ActiveCfg = Release|Any CPU
		{B71974E8-9214-4537-A705-CBF43E8C107E}.Release|Any CPU.Build.0 = Release|Any CPU
	EndGlobalSection
	GlobalSection(SolutionProperties) = preSolution
		HideSolutionNode = FALSE
	EndGlobalSection
	GlobalSection(ExtensibilityGlobals) = postSolution
		SolutionGuid = {B303A864-2AA7-4F4B-9BAB-C50E4BA30DF9}
	EndGlobalSection
EndGlobal
